
Microsoft Visual Studio Solution File, Format Version 11.00
# Visual Studio 2010
Project("{8BC9CEB8-8B4A-11D0-8D11-00A0C91BC942}") = "AServer", "CenterServer\CenterServer.vcxproj", "{82BDFD54-A07D-4CBF-B78D-B92C2A2665CE}"
EndProject
Project("{8BC9CEB8-8B4A-11D0-8D11-00A0C91BC942}") = "MServer", "MainServer\MainServer.vcxproj", "{2299D7EF-6224-4318-96A1-A82C5CB091CE}"
EndProject
Project("{8BC9CEB8-8B4A-11D0-8D11-00A0C91BC942}") = "GServer", "WServer\AFCLoader.vcxproj", "{7E0C4B1C-9897-499C-918F-47DB1ABF3969}"
EndProject
Project("{8BC9CEB8-8B4A-11D0-8D11-00A0C91BC942}") = "TalkMessageFilter", "TalkMessageFilter\TalkMessageFilter.vcxproj", "{C2211F8D-912F-4FDD-B2D0-ECAC955663D7}"
EndProject
Project("{8BC9CEB8-8B4A-11D0-8D11-00A0C91BC942}") = "GameManage", "GameManage\GameManage.vcxproj", "{28BBD1F2-8115-4905-98FF-B4191D62381D}"
EndProject
Project("{8BC9CEB8-8B4A-11D0-8D11-00A0C91BC942}") = "AFCComEx", "AFCComEx\AFCComDllEx.vcxproj", "{422F2497-C792-4E13-A6DA-DF78B8DFEB4F}"
EndProject
Project("{8BC9CEB8-8B4A-11D0-8D11-00A0C91BC942}") = "Server", "..\..\game\31011001_樱桃97\GameCode\Server\Server.vcxproj", "{DAE3CFCF-E9FF-4C2E-BE9D-BAA592CFDD0F}"
EndProject
Global
	GlobalSection(SolutionConfigurationPlatforms) = preSolution
		72把一局|Win32 = 72把一局|Win32
		AutoLoadIni|Win32 = AutoLoadIni|Win32
		Debug|Win32 = Debug|Win32
		Release|Win32 = Release|Win32
		SuperClient|Win32 = SuperClient|Win32
		Template|Win32 = Template|Win32
		Video|Win32 = Video|Win32
		发牌器|Win32 = 发牌器|Win32
	EndGlobalSection
	GlobalSection(ProjectConfigurationPlatforms) = postSolution
		{82BDFD54-A07D-4CBF-B78D-B92C2A2665CE}.72把一局|Win32.ActiveCfg = Template|Win32
		{82BDFD54-A07D-4CBF-B78D-B92C2A2665CE}.72把一局|Win32.Build.0 = Template|Win32
		{82BDFD54-A07D-4CBF-B78D-B92C2A2665CE}.AutoLoadIni|Win32.ActiveCfg = Template|Win32
		{82BDFD54-A07D-4CBF-B78D-B92C2A2665CE}.AutoLoadIni|Win32.Build.0 = Template|Win32
		{82BDFD54-A07D-4CBF-B78D-B92C2A2665CE}.Debug|Win32.ActiveCfg = Debug|Win32
		{82BDFD54-A07D-4CBF-B78D-B92C2A2665CE}.Debug|Win32.Build.0 = Debug|Win32
		{82BDFD54-A07D-4CBF-B78D-B92C2A2665CE}.Release|Win32.ActiveCfg = Release|Win32
		{82BDFD54-A07D-4CBF-B78D-B92C2A2665CE}.Release|Win32.Build.0 = Release|Win32
		{82BDFD54-A07D-4CBF-B78D-B92C2A2665CE}.SuperClient|Win32.ActiveCfg = Template|Win32
		{82BDFD54-A07D-4CBF-B78D-B92C2A2665CE}.SuperClient|Win32.Build.0 = Template|Win32
		{82BDFD54-A07D-4CBF-B78D-B92C2A2665CE}.Template|Win32.ActiveCfg = Template|Win32
		{82BDFD54-A07D-4CBF-B78D-B92C2A2665CE}.Template|Win32.Build.0 = Template|Win32
		{82BDFD54-A07D-4CBF-B78D-B92C2A2665CE}.Video|Win32.ActiveCfg = Template|Win32
		{82BDFD54-A07D-4CBF-B78D-B92C2A2665CE}.Video|Win32.Build.0 = Template|Win32
		{82BDFD54-A07D-4CBF-B78D-B92C2A2665CE}.发牌器|Win32.ActiveCfg = Template|Win32
		{82BDFD54-A07D-4CBF-B78D-B92C2A2665CE}.发牌器|Win32.Build.0 = Template|Win32
		{2299D7EF-6224-4318-96A1-A82C5CB091CE}.72把一局|Win32.ActiveCfg = Template|Win32
		{2299D7EF-6224-4318-96A1-A82C5CB091CE}.72把一局|Win32.Build.0 = Template|Win32
		{2299D7EF-6224-4318-96A1-A82C5CB091CE}.AutoLoadIni|Win32.ActiveCfg = Template|Win32
		{2299D7EF-6224-4318-96A1-A82C5CB091CE}.AutoLoadIni|Win32.Build.0 = Template|Win32
		{2299D7EF-6224-4318-96A1-A82C5CB091CE}.Debug|Win32.ActiveCfg = Debug|Win32
		{2299D7EF-6224-4318-96A1-A82C5CB091CE}.Debug|Win32.Build.0 = Debug|Win32
		{2299D7EF-6224-4318-96A1-A82C5CB091CE}.Release|Win32.ActiveCfg = Release|Win32
		{2299D7EF-6224-4318-96A1-A82C5CB091CE}.Release|Win32.Build.0 = Release|Win32
		{2299D7EF-6224-4318-96A1-A82C5CB091CE}.SuperClient|Win32.ActiveCfg = Template|Win32
		{2299D7EF-6224-4318-96A1-A82C5CB091CE}.SuperClient|Win32.Build.0 = Template|Win32
		{2299D7EF-6224-4318-96A1-A82C5CB091CE}.Template|Win32.ActiveCfg = Template|Win32
		{2299D7EF-6224-4318-96A1-A82C5CB091CE}.Template|Win32.Build.0 = Template|Win32
		{2299D7EF-6224-4318-96A1-A82C5CB091CE}.Video|Win32.ActiveCfg = Template|Win32
		{2299D7EF-6224-4318-96A1-A82C5CB091CE}.Video|Win32.Build.0 = Template|Win32
		{2299D7EF-6224-4318-96A1-A82C5CB091CE}.发牌器|Win32.ActiveCfg = Template|Win32
		{2299D7EF-6224-4318-96A1-A82C5CB091CE}.发牌器|Win32.Build.0 = Template|Win32
		{7E0C4B1C-9897-499C-918F-47DB1ABF3969}.72把一局|Win32.ActiveCfg = Template|Win32
		{7E0C4B1C-9897-499C-918F-47DB1ABF3969}.72把一局|Win32.Build.0 = Template|Win32
		{7E0C4B1C-9897-499C-918F-47DB1ABF3969}.AutoLoadIni|Win32.ActiveCfg = Template|Win32
		{7E0C4B1C-9897-499C-918F-47DB1ABF3969}.AutoLoadIni|Win32.Build.0 = Template|Win32
		{7E0C4B1C-9897-499C-918F-47DB1ABF3969}.Debug|Win32.ActiveCfg = Debug|Win32
		{7E0C4B1C-9897-499C-918F-47DB1ABF3969}.Debug|Win32.Build.0 = Debug|Win32
		{7E0C4B1C-9897-499C-918F-47DB1ABF3969}.Release|Win32.ActiveCfg = Release|Win32
		{7E0C4B1C-9897-499C-918F-47DB1ABF3969}.Release|Win32.Build.0 = Release|Win32
		{7E0C4B1C-9897-499C-918F-47DB1ABF3969}.SuperClient|Win32.ActiveCfg = Template|Win32
		{7E0C4B1C-9897-499C-918F-47DB1ABF3969}.SuperClient|Win32.Build.0 = Template|Win32
		{7E0C4B1C-9897-499C-918F-47DB1ABF3969}.Template|Win32.ActiveCfg = Template|Win32
		{7E0C4B1C-9897-499C-918F-47DB1ABF3969}.Template|Win32.Build.0 = Template|Win32
		{7E0C4B1C-9897-499C-918F-47DB1ABF3969}.Video|Win32.ActiveCfg = Template|Win32
		{7E0C4B1C-9897-499C-918F-47DB1ABF3969}.Video|Win32.Build.0 = Template|Win32
		{7E0C4B1C-9897-499C-918F-47DB1ABF3969}.发牌器|Win32.ActiveCfg = Template|Win32
		{7E0C4B1C-9897-499C-918F-47DB1ABF3969}.发牌器|Win32.Build.0 = Template|Win32
		{C2211F8D-912F-4FDD-B2D0-ECAC955663D7}.72把一局|Win32.ActiveCfg = Release|Win32
		{C2211F8D-912F-4FDD-B2D0-ECAC955663D7}.72把一局|Win32.Build.0 = Release|Win32
		{C2211F8D-912F-4FDD-B2D0-ECAC955663D7}.AutoLoadIni|Win32.ActiveCfg = Release|Win32
		{C2211F8D-912F-4FDD-B2D0-ECAC955663D7}.AutoLoadIni|Win32.Build.0 = Release|Win32
		{C2211F8D-912F-4FDD-B2D0-ECAC955663D7}.Debug|Win32.ActiveCfg = Debug|Win32
		{C2211F8D-912F-4FDD-B2D0-ECAC955663D7}.Debug|Win32.Build.0 = Debug|Win32
		{C2211F8D-912F-4FDD-B2D0-ECAC955663D7}.Release|Win32.ActiveCfg = Release|Win32
		{C2211F8D-912F-4FDD-B2D0-ECAC955663D7}.Release|Win32.Build.0 = Release|Win32
		{C2211F8D-912F-4FDD-B2D0-ECAC955663D7}.SuperClient|Win32.ActiveCfg = Release|Win32
		{C2211F8D-912F-4FDD-B2D0-ECAC955663D7}.SuperClient|Win32.Build.0 = Release|Win32
		{C2211F8D-912F-4FDD-B2D0-ECAC955663D7}.Template|Win32.ActiveCfg = Release|Win32
		{C2211F8D-912F-4FDD-B2D0-ECAC955663D7}.Template|Win32.Build.0 = Release|Win32
		{C2211F8D-912F-4FDD-B2D0-ECAC955663D7}.Video|Win32.ActiveCfg = Release|Win32
		{C2211F8D-912F-4FDD-B2D0-ECAC955663D7}.Video|Win32.Build.0 = Release|Win32
		{C2211F8D-912F-4FDD-B2D0-ECAC955663D7}.发牌器|Win32.ActiveCfg = Release|Win32
		{C2211F8D-912F-4FDD-B2D0-ECAC955663D7}.发牌器|Win32.Build.0 = Release|Win32
		{28BBD1F2-8115-4905-98FF-B4191D62381D}.72把一局|Win32.ActiveCfg = Release|Win32
		{28BBD1F2-8115-4905-98FF-B4191D62381D}.72把一局|Win32.Build.0 = Release|Win32
		{28BBD1F2-8115-4905-98FF-B4191D62381D}.AutoLoadIni|Win32.ActiveCfg = Release|Win32
		{28BBD1F2-8115-4905-98FF-B4191D62381D}.AutoLoadIni|Win32.Build.0 = Release|Win32
		{28BBD1F2-8115-4905-98FF-B4191D62381D}.Debug|Win32.ActiveCfg = Debug|Win32
		{28BBD1F2-8115-4905-98FF-B4191D62381D}.Debug|Win32.Build.0 = Debug|Win32
		{28BBD1F2-8115-4905-98FF-B4191D62381D}.Release|Win32.ActiveCfg = Release|Win32
		{28BBD1F2-8115-4905-98FF-B4191D62381D}.Release|Win32.Build.0 = Release|Win32
		{28BBD1F2-8115-4905-98FF-B4191D62381D}.SuperClient|Win32.ActiveCfg = Release|Win32
		{28BBD1F2-8115-4905-98FF-B4191D62381D}.SuperClient|Win32.Build.0 = Release|Win32
		{28BBD1F2-8115-4905-98FF-B4191D62381D}.Template|Win32.ActiveCfg = Release|Win32
		{28BBD1F2-8115-4905-98FF-B4191D62381D}.Template|Win32.Build.0 = Release|Win32
		{28BBD1F2-8115-4905-98FF-B4191D62381D}.Video|Win32.ActiveCfg = Release|Win32
		{28BBD1F2-8115-4905-98FF-B4191D62381D}.Video|Win32.Build.0 = Release|Win32
		{28BBD1F2-8115-4905-98FF-B4191D62381D}.发牌器|Win32.ActiveCfg = Release|Win32
		{28BBD1F2-8115-4905-98FF-B4191D62381D}.发牌器|Win32.Build.0 = Release|Win32
		{422F2497-C792-4E13-A6DA-DF78B8DFEB4F}.72把一局|Win32.ActiveCfg = Template|Win32
		{422F2497-C792-4E13-A6DA-DF78B8DFEB4F}.72把一局|Win32.Build.0 = Template|Win32
		{422F2497-C792-4E13-A6DA-DF78B8DFEB4F}.AutoLoadIni|Win32.ActiveCfg = Template|Win32
		{422F2497-C792-4E13-A6DA-DF78B8DFEB4F}.AutoLoadIni|Win32.Build.0 = Template|Win32
		{422F2497-C792-4E13-A6DA-DF78B8DFEB4F}.Debug|Win32.ActiveCfg = Debug|Win32
		{422F2497-C792-4E13-A6DA-DF78B8DFEB4F}.Debug|Win32.Build.0 = Debug|Win32
		{422F2497-C792-4E13-A6DA-DF78B8DFEB4F}.Release|Win32.ActiveCfg = Release|Win32
		{422F2497-C792-4E13-A6DA-DF78B8DFEB4F}.Release|Win32.Build.0 = Release|Win32
		{422F2497-C792-4E13-A6DA-DF78B8DFEB4F}.SuperClient|Win32.ActiveCfg = Template|Win32
		{422F2497-C792-4E13-A6DA-DF78B8DFEB4F}.SuperClient|Win32.Build.0 = Template|Win32
		{422F2497-C792-4E13-A6DA-DF78B8DFEB4F}.Template|Win32.ActiveCfg = Template|Win32
		{422F2497-C792-4E13-A6DA-DF78B8DFEB4F}.Template|Win32.Build.0 = Template|Win32
		{422F2497-C792-4E13-A6DA-DF78B8DFEB4F}.Video|Win32.ActiveCfg = Template|Win32
		{422F2497-C792-4E13-A6DA-DF78B8DFEB4F}.Video|Win32.Build.0 = Template|Win32
		{422F2497-C792-4E13-A6DA-DF78B8DFEB4F}.发牌器|Win32.ActiveCfg = Template|Win32
		{422F2497-C792-4E13-A6DA-DF78B8DFEB4F}.发牌器|Win32.Build.0 = Template|Win32
		{DAE3CFCF-E9FF-4C2E-BE9D-BAA592CFDD0F}.72把一局|Win32.ActiveCfg = 72把一局|Win32
		{DAE3CFCF-E9FF-4C2E-BE9D-BAA592CFDD0F}.72把一局|Win32.Build.0 = 72把一局|Win32
		{DAE3CFCF-E9FF-4C2E-BE9D-BAA592CFDD0F}.AutoLoadIni|Win32.ActiveCfg = AutoLoadIni|Win32
		{DAE3CFCF-E9FF-4C2E-BE9D-BAA592CFDD0F}.AutoLoadIni|Win32.Build.0 = AutoLoadIni|Win32
		{DAE3CFCF-E9FF-4C2E-BE9D-BAA592CFDD0F}.Debug|Win32.ActiveCfg = Debug|Win32
		{DAE3CFCF-E9FF-4C2E-BE9D-BAA592CFDD0F}.Debug|Win32.Build.0 = Debug|Win32
		{DAE3CFCF-E9FF-4C2E-BE9D-BAA592CFDD0F}.Release|Win32.ActiveCfg = Release|Win32
		{DAE3CFCF-E9FF-4C2E-BE9D-BAA592CFDD0F}.Release|Win32.Build.0 = Release|Win32
		{DAE3CFCF-E9FF-4C2E-BE9D-BAA592CFDD0F}.SuperClient|Win32.ActiveCfg = SuperClient|Win32
		{DAE3CFCF-E9FF-4C2E-BE9D-BAA592CFDD0F}.SuperClient|Win32.Build.0 = SuperClient|Win32
		{DAE3CFCF-E9FF-4C2E-BE9D-BAA592CFDD0F}.Template|Win32.ActiveCfg = Template|Win32
		{DAE3CFCF-E9FF-4C2E-BE9D-BAA592CFDD0F}.Template|Win32.Build.0 = Template|Win32
		{DAE3CFCF-E9FF-4C2E-BE9D-BAA592CFDD0F}.Video|Win32.ActiveCfg = Video|Win32
		{DAE3CFCF-E9FF-4C2E-BE9D-BAA592CFDD0F}.Video|Win32.Build.0 = Video|Win32
		{DAE3CFCF-E9FF-4C2E-BE9D-BAA592CFDD0F}.发牌器|Win32.ActiveCfg = 发牌器|Win32
		{DAE3CFCF-E9FF-4C2E-BE9D-BAA592CFDD0F}.发牌器|Win32.Build.0 = 发牌器|Win32
	EndGlobalSection
	GlobalSection(SolutionProperties) = preSolution
		HideSolutionNode = FALSE
	EndGlobalSection
EndGlobal
